
Microsoft Visual Studio Solution File, Format Version 12.00
Project("{FAE04EC0-301F-11D3-BF4B-00C04F79EFBC}") = "Tcproxy.Api", "Tcproxy.Api\Tcproxy.Api.csproj", "{8825F94F-6640-4A1B-8A7B-DE1C29FE4D51}"
EndProject
Project("{2150E333-8FDC-42A3-9474-1A3956D46DE8}") = "Solution Items", "Solution Items", "{7FAC7248-0FA1-487F-A63E-92E3C272B251}"
	ProjectSection(SolutionItems) = preProject
		Dockerfile = Dockerfile
		.dockerignore = .dockerignore
		.gitignore = .gitignore
	EndProjectSection
EndProject
Project("{FAE04EC0-301F-11D3-BF4B-00C04F79EFBC}") = "Tcproxy.Core", "tcproxy.core\Tcproxy.Core.csproj", "{D2D45121-48EE-491C-8ADE-D66517E5FA38}"
EndProject
Project("{FAE04EC0-301F-11D3-BF4B-00C04F79EFBC}") = "Tcproxy.Application", "Tcproxy.Application\Tcproxy.Application.csproj", "{57613CE7-E8CC-4331-AA07-2888E1E225DE}"
EndProject
Project("{FAE04EC0-301F-11D3-BF4B-00C04F79EFBC}") = "Tcproxy.Persistence", "Tcproxy.Persistence\Tcproxy.Persistence.csproj", "{2E5D69A7-4E02-49C7-860F-750021985290}"
EndProject
Project("{FAE04EC0-301F-11D3-BF4B-00C04F79EFBC}") = "Tcproxy.Tests", "Tcproxy.Tests\Tcproxy.Tests.csproj", "{87BCFD44-DD42-4386-A950-BEEA60BDA75D}"
EndProject
Global
	GlobalSection(SolutionConfigurationPlatforms) = preSolution
		Debug|Any CPU = Debug|Any CPU
		Release|Any CPU = Release|Any CPU
	EndGlobalSection
	GlobalSection(ProjectConfigurationPlatforms) = postSolution
		{BEC12A0E-409B-4408-952E-64E47B4A94C1}.Debug|Any CPU.ActiveCfg = Debug|Any CPU
		{BEC12A0E-409B-4408-952E-64E47B4A94C1}.Debug|Any CPU.Build.0 = Debug|Any CPU
		{BEC12A0E-409B-4408-952E-64E47B4A94C1}.Release|Any CPU.ActiveCfg = Release|Any CPU
		{BEC12A0E-409B-4408-952E-64E47B4A94C1}.Release|Any CPU.Build.0 = Release|Any CPU
		{8825F94F-6640-4A1B-8A7B-DE1C29FE4D51}.Debug|Any CPU.ActiveCfg = Debug|Any CPU
		{8825F94F-6640-4A1B-8A7B-DE1C29FE4D51}.Debug|Any CPU.Build.0 = Debug|Any CPU
		{8825F94F-6640-4A1B-8A7B-DE1C29FE4D51}.Release|Any CPU.ActiveCfg = Release|Any CPU
		{8825F94F-6640-4A1B-8A7B-DE1C29FE4D51}.Release|Any CPU.Build.0 = Release|Any CPU
		{D2D45121-48EE-491C-8ADE-D66517E5FA38}.Debug|Any CPU.ActiveCfg = Debug|Any CPU
		{D2D45121-48EE-491C-8ADE-D66517E5FA38}.Debug|Any CPU.Build.0 = Debug|Any CPU
		{D2D45121-48EE-491C-8ADE-D66517E5FA38}.Release|Any CPU.ActiveCfg = Release|Any CPU
		{D2D45121-48EE-491C-8ADE-D66517E5FA38}.Release|Any CPU.Build.0 = Release|Any CPU
		{57613CE7-E8CC-4331-AA07-2888E1E225DE}.Debug|Any CPU.ActiveCfg = Debug|Any CPU
		{57613CE7-E8CC-4331-AA07-2888E1E225DE}.Debug|Any CPU.Build.0 = Debug|Any CPU
		{57613CE7-E8CC-4331-AA07-2888E1E225DE}.Release|Any CPU.ActiveCfg = Release|Any CPU
		{57613CE7-E8CC-4331-AA07-2888E1E225DE}.Release|Any CPU.Build.0 = Release|Any CPU
		{2E5D69A7-4E02-49C7-860F-750021985290}.Debug|Any CPU.ActiveCfg = Debug|Any CPU
		{2E5D69A7-4E02-49C7-860F-750021985290}.Debug|Any CPU.Build.0 = Debug|Any CPU
		{2E5D69A7-4E02-49C7-860F-750021985290}.Release|Any CPU.ActiveCfg = Release|Any CPU
		{2E5D69A7-4E02-49C7-860F-750021985290}.Release|Any CPU.Build.0 = Release|Any CPU
		{87BCFD44-DD42-4386-A950-BEEA60BDA75D}.Debug|Any CPU.ActiveCfg = Debug|Any CPU
		{87BCFD44-DD42-4386-A950-BEEA60BDA75D}.Debug|Any CPU.Build.0 = Debug|Any CPU
		{87BCFD44-DD42-4386-A950-BEEA60BDA75D}.Release|Any CPU.ActiveCfg = Release|Any CPU
		{87BCFD44-DD42-4386-A950-BEEA60BDA75D}.Release|Any CPU.Build.0 = Release|Any CPU
	EndGlobalSection
EndGlobal
